lockfileVersion: '9.0'

settings:
  autoInstallPeers: true
  excludeLinksFromLockfile: false

importers:

  .:
    devDependencies:
      '@types/wechat-miniprogram':
        specifier: ^3.4.8
        version: 3.4.10
      prettier:
        specifier: ^3.3.3
        version: 3.8.3
      typescript:
        specifier: ^5.6.3
        version: 5.9.3

packages:

  '@types/wechat-miniprogram@3.4.10':
    resolution: {integrity: sha512-NG8mvXxQABE+gUHO2DAnK0W6f2hLT9AvWqzCxjqGUvGuRNkegMomzjm1z3LNPrgm9kfI8OhMO7kbilhwpREriw==}

  prettier@3.8.3:
    resolution: {integrity: sha512-7igPTM53cGHMW8xWuVTydi2KO233VFiTNyF5hLJqpilHfmn8C8gPf+PS7dUT64YcXFbiMGZxS9pCSxL/Dxm/Jw==}
    engines: {node: '>=14'}
    hasBin: true

  typescript@5.9.3:
    resolution: {integrity: sha512-jl1vZzPDinLr9eUt3J/t7V6FgNEw9QjvBPdysz9KfQDD41fQrC2Y4vKQdiaUpFT4bXlb1RHhLpp8wtm6M5TgSw==}
    engines: {node: '>=14.17'}
    hasBin: true

snapshots:

  '@types/wechat-miniprogram@3.4.10': {}

  prettier@3.8.3: {}

  typescript@5.9.3: {}
